
Microsoft Visual Studio Solution File, Format Version 12.00
# Visual Studio 15
VisualStudioVersion = 15.0.28010.2050
MinimumVisualStudioVersion = 10.0.40219.1
Project("{FAE04EC0-301F-11D3-BF4B-00C04F79EFBC}") = "NotepadOnlineDataBase", "NotepadOnlineDataBase\NotepadOnlineDataBase.csproj", "{3EAA0133-E972-445F-9BB3-DF11948BB294}"
EndProject
Global
	GlobalSection(SolutionConfigurationPlatforms) = preSolution
		Debug|Any CPU = Debug|Any CPU
		Release|Any CPU = Release|Any CPU
	EndGlobalSection
	GlobalSection(ProjectConfigurationPlatforms) = postSolution
		{3EAA0133-E972-445F-9BB3-DF11948BB294}.Debug|Any CPU.ActiveCfg = Debug|Any CPU
		{3EAA0133-E972-445F-9BB3-DF11948BB294}.Debug|Any CPU.Build.0 = Debug|Any CPU
		{3EAA0133-E972-445F-9BB3-DF11948BB294}.Release|Any CPU.ActiveCfg = Release|Any CPU
		{3EAA0133-E972-445F-9BB3-DF11948BB294}.Release|Any CPU.Build.0 = Release|Any CPU
	EndGlobalSection
	GlobalSection(SolutionProperties) = preSolution
		HideSolutionNode = FALSE
	EndGlobalSection
	GlobalSection(ExtensibilityGlobals) = postSolution
		SolutionGuid = {16F1E4F7-7D1D-4796-B077-5A24253722E5}
	EndGlobalSection
EndGlobal
